// !$*UTF8*$!
{
	archiveVersion = 1;
	classes = {
	};
	objectVersion = 50;
	objects = {

/* Begin PBXBuildFile section */
		D5B98C4624411D1900B1D67A /* DataModel.xcdatamodeld in Sources */ = {isa = PBXBuildFile; fileRef = D5B98C4424411D1900B1D67A /* DataModel.xcdatamodeld */; };
		D5B98C6B2441B1D500B1D67A /* CategoryViewController.swift in Sources */ = {isa = PBXBuildFile; fileRef = D5B98C6A2441B1D500B1D67A /* CategoryViewController.swift */; };
		D5EC15A424404D2500828744 /* AppDelegate.swift in Sources */ = {isa = PBXBuildFile; fileRef = D5EC15A324404D2500828744 /* AppDelegate.swift */; };
		D5EC15A624404D2500828744 /* SceneDelegate.swift in Sources */ = {isa = PBXBuildFile; fileRef = D5EC15A524404D2500828744 /* SceneDelegate.swift */; };
		D5EC15A824404D2500828744 /* TodoListViewController.swift in Sources */ = {isa = PBXBuildFile; fileRef = D5EC15A724404D2500828744 /* TodoListViewController.swift */; };
		D5EC15AB24404D2500828744 /* Main.storyboard in Resources */ = {isa = PBXBuildFile; fileRef = D5EC15A924404D2500828744 /* Main.storyboard */; };
		D5EC15AD24404D2B00828744 /* Assets.xcassets in Resources */ = {isa = PBXBuildFile; fileRef = D5EC15AC24404D2B00828744 /* Assets.xcassets */; };
		D5EC15B024404D2B00828744 /* LaunchScreen.storyboard in Resources */ = {isa = PBXBuildFile; fileRef = D5EC15AE24404D2B00828744 /* LaunchScreen.storyboard */; };
/* End PBXBuildFile section */

/* Begin PBXFileReference section */
		D5B98C4524411D1900B1D67A /* DataModel.xcdatamodel */ = {isa = PBXFileReference; lastKnownFileType = wrapper.xcdatamodel; path = DataModel.xcdatamodel; sourceTree = "<group>"; };
		D5B98C6A2441B1D500B1D67A /* CategoryViewController.swift */ = {isa = PBXFileReference; lastKnownFileType = sourcecode.swift; path = CategoryViewController.swift; sourceTree = "<group>"; };
		D5EC15A024404D2500828744 /* ToDoApp.app */ = {isa = PBXFileReference; explicitFileType = wrapper.application; includeInIndex = 0; path = ToDoApp.app; sourceTree = BUILT_PRODUCTS_DIR; };
		D5EC15A324404D2500828744 /* AppDelegate.swift */ = {isa = PBXFileReference; lastKnownFileType = sourcecode.swift; path = AppDelegate.swift; sourceTree = "<group>"; };
		D5EC15A524404D2500828744 /* SceneDelegate.swift */ = {isa = PBXFileReference; lastKnownFileType = sourcecode.swift; path = SceneDelegate.swift; sourceTree = "<group>"; };
		D5EC15A724404D2500828744 /* TodoListViewController.swift */ = {isa = PBXFileReference; lastKnownFileType = sourcecode.swift; path = TodoListViewController.swift; sourceTree = "<group>"; };
		D5EC15AA24404D2500828744 /* Base */ = {isa = PBXFileReference; lastKnownFileType = file.storyboard; name = Base; path = Base.lproj/Main.storyboard; sourceTree = "<group>"; };
		D5EC15AC24404D2B00828744 /* Assets.xcassets */ = {isa = PBXFileReference; lastKnownFileType = folder.assetcatalog; path = Assets.xcassets; sourceTree = "<group>"; };
		D5EC15AF24404D2B00828744 /* Base */ = {isa = PBXFileReference; lastKnownFileType = file.storyboard; name = Base; path = Base.lproj/LaunchScreen.storyboard; sourceTree = "<group>"; };
		D5EC15B124404D2B00828744 /* Info.plist */ = {isa = PBXFileReference; lastKnownFileType = text.plist.xml; path = Info.plist; sourceTree = "<group>"; };
/* End PBXFileReference section */

/* Begin PBXFrameworksBuildPhase section */
		D5EC159D24404D2500828744 /* Frameworks */ = {
			isa = PBXFrameworksBuildPhase;
			buildActionMask = 2147483647;
			files = (
			);
			runOnlyForDeploymentPostprocessing = 0;
		};
/* End PBXFrameworksBuildPhase section */

/* Begin PBXGroup section */
		D5EC159724404D2500828744 = {
			isa = PBXGroup;
			children = (
				D5EC15A224404D2500828744 /* ToDoApp */,
				D5EC15A124404D2500828744 /* Products */,
			);
			sourceTree = "<group>";
		};
		D5EC15A124404D2500828744 /* Products */ = {
			isa = PBXGroup;
			children = (
				D5EC15A024404D2500828744 /* ToDoApp.app */,
			);
			name = Products;
			sourceTree = "<group>";
		};
		D5EC15A224404D2500828744 /* ToDoApp */ = {
			isa = PBXGroup;
			children = (
				D5EC15A324404D2500828744 /* AppDelegate.swift */,
				D5EC15A524404D2500828744 /* SceneDelegate.swift */,
				D5EC15BA2440782900828744 /* Controllers */,
				D5EC15B92440781300828744 /* Models */,
				D5EC15BB2440783800828744 /* Views */,
				D5EC15BC2440785300828744 /* Supporting Files */,
				D5EC15B124404D2B00828744 /* Info.plist */,
			);
			path = ToDoApp;
			sourceTree = "<group>";
		};
		D5EC15B92440781300828744 /* Models */ = {
			isa = PBXGroup;
			children = (
				D5B98C4424411D1900B1D67A /* DataModel.xcdatamodeld */,
			);
			path = Models;
			sourceTree = "<group>";
		};
		D5EC15BA2440782900828744 /* Controllers */ = {
			isa = PBXGroup;
			children = (
				D5B98C6A2441B1D500B1D67A /* CategoryViewController.swift */,
				D5EC15A724404D2500828744 /* TodoListViewController.swift */,
			);
			path = Controllers;
			sourceTree = "<group>";
		};
		D5EC15BB2440783800828744 /* Views */ = {
			isa = PBXGroup;
			children = (
				D5EC15A924404D2500828744 /* Main.storyboard */,
			);
			path = Views;
			sourceTree = "<group>";
		};
		D5EC15BC2440785300828744 /* Supporting Files */ = {
			isa = PBXGroup;
			children = (
				D5EC15AC24404D2B00828744 /* Assets.xcassets */,
				D5EC15AE24404D2B00828744 /* LaunchScreen.storyboard */,
			);
			path = "Supporting Files";
			sourceTree = "<group>";
		};
/* End PBXGroup section */

/* Begin PBXNativeTarget section */
		D5EC159F24404D2500828744 /* ToDoApp */ = {
			isa = PBXNativeTarget;
			buildConfigurationList = D5EC15B424404D2B00828744 /* Build configuration list for PBXNativeTarget "ToDoApp" */;
			buildPhases = (
				D5EC159C24404D2500828744 /* Sources */,
				D5EC159D24404D2500828744 /* Frameworks */,
				D5EC159E24404D2500828744 /* Resources */,
			);
			buildRules = (
			);
			dependencies = (
			);
			name = ToDoApp;
			productName = ToDoApp;
			productReference = D5EC15A024404D2500828744 /* ToDoApp.app */;
			productType = "com.apple.product-type.application";
		};
/* End PBXNativeTarget section */

/* Begin PBXProject section */
		D5EC159824404D2500828744 /* Project object */ = {
			isa = PBXProject;
			attributes = {
				LastSwiftUpdateCheck = 1140;
				LastUpgradeCheck = 1140;
				ORGANIZATIONNAME = "Yashar Abbaslo";
				TargetAttributes = {
					D5EC159F24404D2500828744 = {
						CreatedOnToolsVersion = 11.4;
					};
				};
			};
			buildConfigurationList = D5EC159B24404D2500828744 /* Build configuration list for PBXProject "ToDoApp" */;
			compatibilityVersion = "Xcode 9.3";
			developmentRegion = en;
			hasScannedForEncodings = 0;
			knownRegions = (
				en,
				Base,
			);
			mainGroup = D5EC159724404D2500828744;
			productRefGroup = D5EC15A124404D2500828744 /* Products */;
			projectDirPath = "";
			projectRoot = "";
			targets = (
				D5EC159F24404D2500828744 /* ToDoApp */,
			);
		};
/* End PBXProject section */

/* Begin PBXResourcesBuildPhase section */
		D5EC159E24404D2500828744 /* Resources */ = {
			isa = PBXResourcesBuildPhase;
			buildActionMask = 2147483647;
			files = (
				D5EC15B024404D2B00828744 /* LaunchScreen.storyboard in Resources */,
				D5EC15AD24404D2B00828744 /* Assets.xcassets in Resources */,
				D5EC15AB24404D2500828744 /* Main.storyboard in Resources */,
			);
			runOnlyForDeploymentPostprocessing = 0;
		};
/* End PBXResourcesBuildPhase section */

/* Begin PBXSourcesBuildPhase section */
		D5EC159C24404D2500828744 /* Sources */ = {
			isa = PBXSourcesBuildPhase;
			buildActionMask = 2147483647;
			files = (
				D5B98C6B2441B1D500B1D67A /* CategoryViewController.swift in Sources */,
				D5B98C4624411D1900B1D67A /* DataModel.xcdatamodeld in Sources */,
				D5EC15A824404D2500828744 /* TodoListViewController.swift in Sources */,
				D5EC15A424404D2500828744 /* AppDelegate.swift in Sources */,
				D5EC15A624404D2500828744 /* SceneDelegate.swift in Sources */,
			);
			runOnlyForDeploymentPostprocessing = 0;
		};
/* End PBXSourcesBuildPhase section */

/* Begin PBXVariantGroup section */
		D5EC15A924404D2500828744 /* Main.storyboard */ = {
			isa = PBXVariantGroup;
			children = (
				D5EC15AA24404D2500828744 /* Base */,
			);
			name = Main.storyboard;
			sourceTree = "<group>";
		};
		D5EC15AE24404D2B00828744 /* LaunchScreen.storyboard */ = {
			isa = PBXVariantGroup;
			children = (
				D5EC15AF24404D2B00828744 /* Base */,
			);
			name = LaunchScreen.storyboard;
			sourceTree = "<group>";
		};
/* End PBXVariantGroup section */

/* Begin XCBuildConfiguration section */
		D5EC15B224404D2B00828744 /* Debug */ = {
			isa = XCBuildConfiguration;
			buildSettings = {
				ALWAYS_SEARCH_USER_PATHS = NO;
				CLANG_ANALYZER_NONNULL = YES;
				CLANG_ANALYZER_NUMBER_OBJECT_CONVERSION = YES_AGGRESSIVE;
				CLANG_CXX_LANGUAGE_STANDARD = "gnu++14";
				CLANG_CXX_LIBRARY = "libc++";
				CLANG_ENABLE_MODULES = YES;
				CLANG_ENABLE_OBJC_ARC = YES;
				CLANG_ENABLE_OBJC_WEAK = YES;
				CLANG_WARN_BLOCK_CAPTURE_AUTORELEASING = YES;
				CLANG_WARN_BOOL_CONVERSION = YES;
				CLANG_WARN_COMMA = YES;
				CLANG_WARN_CONSTANT_CONVERSION = YES;
				CLANG_WARN_DEPRECATED_OBJC_IMPLEMENTATIONS = YES;
				CLANG_WARN_DIRECT_OBJC_ISA_USAGE = YES_ERROR;
				CLANG_WARN_DOCUMENTATION_COMMENTS = YES;
				CLANG_WARN_EMPTY_BODY = YES;
				CLANG_WARN_ENUM_CONVERSION = YES;
				CLANG_WARN_INFINITE_RECURSION = YES;
				CLANG_WARN_INT_CONVERSION = YES;
				CLANG_WARN_NON_LITERAL_NULL_CONVERSION = YES;
				CLANG_WARN_OBJC_IMPLICIT_RETAIN_SELF = YES;
				CLANG_WARN_OBJC_LITERAL_CONVERSION = YES;
				CLANG_WARN_OBJC_ROOT_CLASS = YES_ERROR;
				CLANG_WARN_RANGE_LOOP_ANALYSIS = YES;
				CLANG_WARN_STRICT_PROTOTYPES = YES;
				CLANG_WARN_SUSPICIOUS_MOVE = YES;
				CLANG_WARN_UNGUARDED_AVAILABILITY = YES_AGGRESSIVE;
				CLANG_WARN_UNREACHABLE_CODE = YES;
				CLANG_WARN__DUPLICATE_METHOD_MATCH = YES;
				COPY_PHASE_STRIP = NO;
				DEBUG_INFORMATION_FORMAT = dwarf;
				ENABLE_STRICT_OBJC_MSGSEND = YES;
				ENABLE_TESTABILITY = YES;
				GCC_C_LANGUAGE_STANDARD = gnu11;
				GCC_DYNAMIC_NO_PIC = NO;
				GCC_NO_COMMON_BLOCKS = YES;
				GCC_OPTIMIZATION_LEVEL = 0;
				GCC_PREPROCESSOR_DEFINITIONS = (
					"DEBUG=1",
					"$(inherited)",
				);
				GCC_WARN_64_TO_32_BIT_CONVERSION = YES;
				GCC_WARN_ABOUT_RETURN_TYPE = YES_ERROR;
				GCC_WARN_UNDECLARED_SELECTOR = YES;
				GCC_WARN_UNINITIALIZED_AUTOS = YES_AGGRESSIVE;
				GCC_WARN_UNUSED_FUNCTION = YES;
				GCC_WARN_UNUSED_VARIABLE = YES;
				IPHONEOS_DEPLOYMENT_TARGET = 13.4;
				MTL_ENABLE_DEBUG_INFO = INCLUDE_SOURCE;
				MTL_FAST_MATH = YES;
				ONLY_ACTIVE_ARCH = YES;
				SDKROOT = iphoneos;
				SWIFT_ACTIVE_COMPILATION_CONDITIONS = DEBUG;
				SWIFT_OPTIMIZATION_LEVEL = "-Onone";
			};
			name = Debug;
		};
		D5EC15B324404D2B00828744 /* Release */ = {
			isa = XCBuildConfiguration;
			buildSettings = {
				ALWAYS_SEARCH_USER_PATHS = NO;
				CLANG_ANALYZER_NONNULL = YES;
				CLANG_ANALYZER_NUMBER_OBJECT_CONVERSION = YES_AGGRESSIVE;
				CLANG_CXX_LANGUAGE_STANDARD = "gnu++14";
				CLANG_CXX_LIBRARY = "libc++";
				CLANG_ENABLE_MODULES = YES;
				CLANG_ENABLE_OBJC_ARC = YES;
				CLANG_ENABLE_OBJC_WEAK = YES;
				CLANG_WARN_BLOCK_CAPTURE_AUTORELEASING = YES;
				CLANG_WARN_BOOL_CONVERSION = YES;
				CLANG_WARN_COMMA = YES;
				CLANG_WARN_CONSTANT_CONVERSION = YES;
				CLANG_WARN_DEPRECATED_OBJC_IMPLEMENTATIONS = YES;
				CLANG_WARN_DIRECT_OBJC_ISA_USAGE = YES_ERROR;
				CLANG_WARN_DOCUMENTATION_COMMENTS = YES;
				CLANG_WARN_EMPTY_BODY = YES;
				CLANG_WARN_ENUM_CONVERSION = YES;
				CLANG_WARN_INFINITE_RECURSION = YES;
				CLANG_WARN_INT_CONVERSION = YES;
				CLANG_WARN_NON_LITERAL_NULL_CONVERSION = YES;
				CLANG_WARN_OBJC_IMPLICIT_RETAIN_SELF = YES;
				CLANG_WARN_OBJC_LITERAL_CONVERSION = YES;
				CLANG_WARN_OBJC_ROOT_CLASS = YES_ERROR;
				CLANG_WARN_RANGE_LOOP_ANALYSIS = YES;
				CLANG_WARN_STRICT_PROTOTYPES = YES;
				CLANG_WARN_SUSPICIOUS_MOVE = YES;
				CLANG_WARN_UNGUARDED_AVAILABILITY = YES_AGGRESSIVE;
				CLANG_WARN_UNREACHABLE_CODE = YES;
				CLANG_WARN__DUPLICATE_METHOD_MATCH = YES;
				COPY_PHASE_STRIP = NO;
				DEBUG_INFORMATION_FORMAT = "dwarf-with-dsym";
				ENABLE_NS_ASSERTIONS = NO;
				ENABLE_STRICT_OBJC_MSGSEND = YES;
				GCC_C_LANGUAGE_STANDARD = gnu11;
				GCC_NO_COMMON_BLOCKS = YES;
				GCC_WARN_64_TO_32_BIT_CONVERSION = YES;
				GCC_WARN_ABOUT_RETURN_TYPE = YES_ERROR;
				GCC_WARN_UNDECLARED_SELECTOR = YES;
				GCC_WARN_UNINITIALIZED_AUTOS = YES_AGGRESSIVE;
				GCC_WARN_UNUSED_FUNCTION = YES;
				GCC_WARN_UNUSED_VARIABLE = YES;
				IPHONEOS_DEPLOYMENT_TARGET = 13.4;
				MTL_ENABLE_DEBUG_INFO = NO;
				MTL_FAST_MATH = YES;
				SDKROOT = iphoneos;
				SWIFT_COMPILATION_MODE = wholemodule;
				SWIFT_OPTIMIZATION_LEVEL = "-O";
				VALIDATE_PRODUCT = YES;
			};
			name = Release;
		};
		D5EC15B524404D2B00828744 /* Debug */ = {
			isa = XCBuildConfiguration;
			buildSettings = {
				ASSETCATALOG_COMPILER_APPICON_NAME = AppIcon;
				CODE_SIGN_STYLE = Automatic;
				INFOPLIST_FILE = ToDoApp/Info.plist;
				LD_RUNPATH_SEARCH_PATHS = (
					"$(inherited)",
					"@executable_path/Frameworks",
				);
				PRODUCT_BUNDLE_IDENTIFIER = com.yashar.ToDoApp;
				PRODUCT_NAME = "$(TARGET_NAME)";
				SWIFT_VERSION = 5.0;
				TARGETED_DEVICE_FAMILY = "1,2";
			};
			name = Debug;
		};
		D5EC15B624404D2B00828744 /* Release */ = {
			isa = XCBuildConfiguration;
			buildSettings = {
				ASSETCATALOG_COMPILER_APPICON_NAME = AppIcon;
				CODE_SIGN_STYLE = Automatic;
				INFOPLIST_FILE = ToDoApp/Info.plist;
				LD_RUNPATH_SEARCH_PATHS = (
					"$(inherited)",
					"@executable_path/Frameworks",
				);
				PRODUCT_BUNDLE_IDENTIFIER = com.yashar.ToDoApp;
				PRODUCT_NAME = "$(TARGET_NAME)";
				SWIFT_VERSION = 5.0;
				TARGETED_DEVICE_FAMILY = "1,2";
			};
			name = Release;
		};
/* End XCBuildConfiguration section */

/* Begin XCConfigurationList section */
		D5EC159B24404D2500828744 /* Build configuration list for PBXProject "ToDoApp" */ = {
			isa = XCConfigurationList;
			buildConfigurations = (
				D5EC15B224404D2B00828744 /* Debug */,
				D5EC15B324404D2B00828744 /* Release */,
			);
			defaultConfigurationIsVisible = 0;
			defaultConfigurationName = Release;
		};
		D5EC15B424404D2B00828744 /* Build configuration list for PBXNativeTarget "ToDoApp" */ = {
			isa = XCConfigurationList;
			buildConfigurations = (
				D5EC15B524404D2B00828744 /* Debug */,
				D5EC15B624404D2B00828744 /* Release */,
			);
			defaultConfigurationIsVisible = 0;
			defaultConfigurationName = Release;
		};
/* End XCConfigurationList section */

/* Begin XCVersionGroup section */
		D5B98C4424411D1900B1D67A /* DataModel.xcdatamodeld */ = {
			isa = XCVersionGroup;
			children = (
				D5B98C4524411D1900B1D67A /* DataModel.xcdatamodel */,
			);
			currentVersion = D5B98C4524411D1900B1D67A /* DataModel.xcdatamodel */;
			path = DataModel.xcdatamodeld;
			sourceTree = "<group>";
			versionGroupType = wrapper.xcdatamodel;
		};
/* End XCVersionGroup section */
	};
	rootObject = D5EC159824404D2500828744 /* Project object */;
}
